<?xml version="1.0" encoding="UTF-8"?>
<CONFIG>
  <ProjectOptions>
    <Version Value="12"/>
    <PathDelim Value="/"/>

    <General>
      <SessionStorage Value="InProjectDir"/>
      <Title Value="OPA 4.2.2"/>
      <UseAppBundle Value="True"/>
      <ResourceType Value="res"/>
      <Scaled Value="False"/>
      <TargetOS Value="darwin"/>
      <TargetCPU Value="x86_64"/>
    </General>

    <RequiredPackages>
      <Item>
        <PackageName Value="LCL"/>
      </Item>
    </RequiredPackages>

    <Units>

      <!-- MAIN PROGRAM -->
      <Unit>
        <Filename Value="opa.lpr"/>
        <IsPartOfProject Value="True"/>
      </Unit>

      <!-- MAIN FORM (MUST BE FIRST FORM) -->
      <Unit>
        <Filename Value="opa4/opamenu.pas"/>
        <IsPartOfProject Value="True"/>
        <HasResources Value="True"/>
        <ResourceBaseClass Value="TForm"/>
      </Unit>

      <!-- SECONDARY MAIN FORM -->
      <Unit>
        <Filename Value="opa4/opaeditor.pas"/>
        <IsPartOfProject Value="True"/>
        <HasResources Value="True"/>
        <ResourceBaseClass Value="TForm"/>
      </Unit>

      <!-- OPA CORE UNITS -->
      <Unit><Filename Value="opa4/chamframe.pas"      /><IsPartOfProject Value="True"/></Unit>
      <Unit><Filename Value="opa4/chromelelib.pas"    /><IsPartOfProject Value="True"/></Unit>
      <Unit><Filename Value="opa4/chromlib.pas"       /><IsPartOfProject Value="True"/></Unit>
      <Unit><Filename Value="opa4/chromreslib.pas"    /><IsPartOfProject Value="True"/></Unit>
      <Unit><Filename Value="opa4/csexframe.pas"      /><IsPartOfProject Value="True"/></Unit>
      <Unit><Filename Value="opa4/elemlib.pas"        /><IsPartOfProject Value="True"/></Unit>
      <Unit><Filename Value="opa4/globlib.pas"        /><IsPartOfProject Value="True"/></Unit>
      <Unit><Filename Value="opa4/knobframe.pas"      /><IsPartOfProject Value="True"/></Unit>
      <Unit><Filename Value="opa4/latfilelib.pas"     /><IsPartOfProject Value="True"/></Unit>
      <Unit><Filename Value="opa4/lgbeditlib.pas"     /><IsPartOfProject Value="True"/></Unit>
      <Unit><Filename Value="opa4/linoplib.pas"       /><IsPartOfProject Value="True"/></Unit>
      <Unit><Filename Value="opa4/mathlib.pas"        /><IsPartOfProject Value="True"/></Unit>
      <Unit><Filename Value="opa4/momentumlib.pas"    /><IsPartOfProject Value="True"/></Unit>
      <Unit><Filename Value="opa4/obetenvmag.pas"     /><IsPartOfProject Value="True"/></Unit>
      <Unit><Filename Value="opa4/ochromsvector.pas"  /><IsPartOfProject Value="True"/></Unit>
      <Unit><Filename Value="opa4/oelecreate.pas"     /><IsPartOfProject Value="True"/></Unit>
      <Unit><Filename Value="opa4/oeleedit.pas"       /><IsPartOfProject Value="True"/></Unit>
      <Unit><Filename Value="opa4/omatching.pas"      /><IsPartOfProject Value="True"/></Unit>
      <Unit><Filename Value="opa4/omatchscan.pas"     /><IsPartOfProject Value="True"/></Unit>
      <Unit><Filename Value="opa4/opabucket.pas"      /><IsPartOfProject Value="True"/></Unit>
      <Unit><Filename Value="opa4/opachroma.pas"      /><IsPartOfProject Value="True"/></Unit>
      <Unit><Filename Value="opa4/opacurrents.pas"    /><IsPartOfProject Value="True"/></Unit>
      <Unit><Filename Value="opa4/opageometry.pas"    /><IsPartOfProject Value="True"/></Unit>
      <Unit><Filename Value="opa4/opalinop.pas"       /><IsPartOfProject Value="True"/></Unit>
      <Unit><Filename Value="opa4/opamomentum.pas"    /><IsPartOfProject Value="True"/></Unit>
      <Unit><Filename Value="opa4/opamenu.pas"        /><IsPartOfProject Value="True"/></Unit>
      <Unit><Filename Value="opa4/opaorbit.pas"       /><IsPartOfProject Value="True"/></Unit>
      <Unit><Filename Value="opa4/opatexteditor.pas"  /><IsPartOfProject Value="True"/></Unit>
      <Unit><Filename Value="opa4/opatrackda.pas"     /><IsPartOfProject Value="True"/></Unit>
      <Unit><Filename Value="opa4/opatrackps.pas"     /><IsPartOfProject Value="True"/></Unit>
      <Unit><Filename Value="opa4/opatracktt.pas"     /><IsPartOfProject Value="True"/></Unit>
      <Unit><Filename Value="opa4/opatunediag.pas"    /><IsPartOfProject Value="True"/></Unit>
      <Unit><Filename Value="opa4/otunematrix.pas"    /><IsPartOfProject Value="True"/></Unit>
      <Unit><Filename Value="opa4/ostartmenu.pas"     /><IsPartOfProject Value="True"/></Unit>
      <Unit><Filename Value="opa4/owriteomrk.pas"     /><IsPartOfProject Value="True"/></Unit>
      <Unit><Filename Value="opa4/testcode.pas"       /><IsPartOfProject Value="True"/></Unit>
      <Unit><Filename Value="opa4/tracklib.pas"       /><IsPartOfProject Value="True"/></Unit>

      <!-- com/ units -->
      <Unit><Filename Value="com/asaux.pas"           /><IsPartOfProject Value="True"/></Unit>
      <Unit><Filename Value="com/asfigure.pas"        /><IsPartOfProject Value="True"/><HasResources Value="True"/><ResourceBaseClass Value="TForm"/></Unit>
      <Unit><Filename Value="com/conrect.pas"         /><IsPartOfProject Value="True"/></Unit>
      <Unit><Filename Value="com/vgraph.pas"          /><IsPartOfProject Value="True"/></Unit>

    </Units>
  </ProjectOptions>
</CONFIG>
